
Microsoft Visual Studio Solution File, Format Version 12.00
# Visual Studio 2012
Project("{FAE04EC0-301F-11D3-BF4B-00C04F79EFBC}") = "TestDemo", "TestDemo\TestDemo.csproj", "{D6013589-AD9F-4C7E-8A91-1914291B51A1}"
EndProject
Project("{FAE04EC0-301F-11D3-BF4B-00C04F79EFBC}") = "JsonDataContract", "JsonDataContract\JsonDataContract.csproj", "{3960970E-FE16-4A9C-8BD2-449987524D47}"
EndProject
Global
	GlobalSection(SolutionConfigurationPlatforms) = preSolution
		Debug|Any CPU = Debug|Any CPU
		Release|Any CPU = Release|Any CPU
	EndGlobalSection
	GlobalSection(ProjectConfigurationPlatforms) = postSolution
		{D6013589-AD9F-4C7E-8A91-1914291B51A1}.Debug|Any CPU.ActiveCfg = Debug|Any CPU
		{D6013589-AD9F-4C7E-8A91-1914291B51A1}.Debug|Any CPU.Build.0 = Debug|Any CPU
		{D6013589-AD9F-4C7E-8A91-1914291B51A1}.Release|Any CPU.ActiveCfg = Release|Any CPU
		{D6013589-AD9F-4C7E-8A91-1914291B51A1}.Release|Any CPU.Build.0 = Release|Any CPU
		{3960970E-FE16-4A9C-8BD2-449987524D47}.Debug|Any CPU.ActiveCfg = Debug|Any CPU
		{3960970E-FE16-4A9C-8BD2-449987524D47}.Debug|Any CPU.Build.0 = Debug|Any CPU
		{3960970E-FE16-4A9C-8BD2-449987524D47}.Release|Any CPU.ActiveCfg = Release|Any CPU
		{3960970E-FE16-4A9C-8BD2-449987524D47}.Release|Any CPU.Build.0 = Release|Any CPU
	EndGlobalSection
	GlobalSection(SolutionProperties) = preSolution
		HideSolutionNode = FALSE
	EndGlobalSection
EndGlobal
